
Microsoft Visual Studio Solution File, Format Version 12.00
# Visual Studio Version 16
VisualStudioVersion = 16.0.31112.23
MinimumVisualStudioVersion = 10.0.40219.1
Project("{FAE04EC0-301F-11D3-BF4B-00C04F79EFBC}") = "DocParser", "DocParser\DocParser.csproj", "{E0DB902F-41F7-4168-BF5C-3FDDDD7B11F8}"
EndProject
Project("{FAE04EC0-301F-11D3-BF4B-00C04F79EFBC}") = "UnitTests", "UnitTests\UnitTests.csproj", "{5EC697BF-BDEC-4269-98D3-8AF4BB29C7A4}"
EndProject
Project("{FAE04EC0-301F-11D3-BF4B-00C04F79EFBC}") = "DocParserWeb", "DocParserWeb\DocParserWeb.csproj", "{21D0572A-C9E8-457A-AB31-7A95E1A030BF}"
EndProject
Project("{9A19103F-16F7-4668-BE54-9A1E7A4F7556}") = "StringGenerator", "StringGenerator\StringGenerator\StringGenerator.csproj", "{2E1D58AA-0576-49C7-AE83-C8660567BB24}"
EndProject
Project("{9A19103F-16F7-4668-BE54-9A1E7A4F7556}") = "StringGeneratorUnitTests", "StringGenerator\StringGeneratorUnitTests\StringGeneratorUnitTests.csproj", "{0EBE2290-A468-412A-99F1-7483B8D64284}"
EndProject
Global
	GlobalSection(SolutionConfigurationPlatforms) = preSolution
		Debug|Any CPU = Debug|Any CPU
		Release|Any CPU = Release|Any CPU
	EndGlobalSection
	GlobalSection(ProjectConfigurationPlatforms) = postSolution
		{E0DB902F-41F7-4168-BF5C-3FDDDD7B11F8}.Debug|Any CPU.ActiveCfg = Debug|Any CPU
		{E0DB902F-41F7-4168-BF5C-3FDDDD7B11F8}.Debug|Any CPU.Build.0 = Debug|Any CPU
		{E0DB902F-41F7-4168-BF5C-3FDDDD7B11F8}.Release|Any CPU.ActiveCfg = Release|Any CPU
		{E0DB902F-41F7-4168-BF5C-3FDDDD7B11F8}.Release|Any CPU.Build.0 = Release|Any CPU
		{5EC697BF-BDEC-4269-98D3-8AF4BB29C7A4}.Debug|Any CPU.ActiveCfg = Debug|Any CPU
		{5EC697BF-BDEC-4269-98D3-8AF4BB29C7A4}.Debug|Any CPU.Build.0 = Debug|Any CPU
		{5EC697BF-BDEC-4269-98D3-8AF4BB29C7A4}.Release|Any CPU.ActiveCfg = Release|Any CPU
		{5EC697BF-BDEC-4269-98D3-8AF4BB29C7A4}.Release|Any CPU.Build.0 = Release|Any CPU
		{21D0572A-C9E8-457A-AB31-7A95E1A030BF}.Debug|Any CPU.ActiveCfg = Debug|Any CPU
		{21D0572A-C9E8-457A-AB31-7A95E1A030BF}.Debug|Any CPU.Build.0 = Debug|Any CPU
		{21D0572A-C9E8-457A-AB31-7A95E1A030BF}.Release|Any CPU.ActiveCfg = Release|Any CPU
		{21D0572A-C9E8-457A-AB31-7A95E1A030BF}.Release|Any CPU.Build.0 = Release|Any CPU
		{2E1D58AA-0576-49C7-AE83-C8660567BB24}.Debug|Any CPU.ActiveCfg = Debug|Any CPU
		{2E1D58AA-0576-49C7-AE83-C8660567BB24}.Debug|Any CPU.Build.0 = Debug|Any CPU
		{2E1D58AA-0576-49C7-AE83-C8660567BB24}.Release|Any CPU.ActiveCfg = Release|Any CPU
		{2E1D58AA-0576-49C7-AE83-C8660567BB24}.Release|Any CPU.Build.0 = Release|Any CPU
		{0EBE2290-A468-412A-99F1-7483B8D64284}.Debug|Any CPU.ActiveCfg = Debug|Any CPU
		{0EBE2290-A468-412A-99F1-7483B8D64284}.Debug|Any CPU.Build.0 = Debug|Any CPU
		{0EBE2290-A468-412A-99F1-7483B8D64284}.Release|Any CPU.ActiveCfg = Release|Any CPU
		{0EBE2290-A468-412A-99F1-7483B8D64284}.Release|Any CPU.Build.0 = Release|Any CPU
	EndGlobalSection
	GlobalSection(SolutionProperties) = preSolution
		HideSolutionNode = FALSE
	EndGlobalSection
	GlobalSection(ExtensibilityGlobals) = postSolution
		SolutionGuid = {A6B6A472-6A0D-4FEA-A69D-8C9F5BE0FC8B}
	EndGlobalSection
EndGlobal
